// !$*UTF8*$!
{
	archiveVersion = 1;
	classes = {
	};
	objectVersion = 46;
	objects = {

/* Begin PBXBuildFile section */
		54802F6E1F5A948E0024401B /* AppDelegate.swift in Sources */ = {isa = PBXBuildFile; fileRef = 54802F6D1F5A948E0024401B /* AppDelegate.swift */; };
		54802F701F5A948E0024401B /* ViewController.swift in Sources */ = {isa = PBXBuildFile; fileRef = 54802F6F1F5A948E0024401B /* ViewController.swift */; };
		54802F731F5A948E0024401B /* Main.storyboard in Resources */ = {isa = PBXBuildFile; fileRef = 54802F711F5A948E0024401B /* Main.storyboard */; };
		54802F751F5A948E0024401B /* Assets.xcassets in Resources */ = {isa = PBXBuildFile; fileRef = 54802F741F5A948E0024401B /* Assets.xcassets */; };
		54802F781F5A948E0024401B /* LaunchScreen.storyboard in Resources */ = {isa = PBXBuildFile; fileRef = 54802F761F5A948E0024401B /* LaunchScreen.storyboard */; };
		54802F831F5A948E0024401B /* BonjourWebDemo2Tests.swift in Sources */ = {isa = PBXBuildFile; fileRef = 54802F821F5A948E0024401B /* BonjourWebDemo2Tests.swift */; };
		54802F8E1F5A948E0024401B /* BonjourWebDemo2UITests.swift in Sources */ = {isa = PBXBuildFile; fileRef = 54802F8D1F5A948E0024401B /* BonjourWebDemo2UITests.swift */; };
/* End PBXBuildFile section */

/* Begin PBXContainerItemProxy section */
		54802F7F1F5A948E0024401B /* PBXContainerItemProxy */ = {
			isa = PBXContainerItemProxy;
			containerPortal = 54802F621F5A948E0024401B /* Project object */;
			proxyType = 1;
			remoteGlobalIDString = 54802F691F5A948E0024401B;
			remoteInfo = BonjourWebDemo2;
		};
		54802F8A1F5A948E0024401B /* PBXContainerItemProxy */ = {
			isa = PBXContainerItemProxy;
			containerPortal = 54802F621F5A948E0024401B /* Project object */;
			proxyType = 1;
			remoteGlobalIDString = 54802F691F5A948E0024401B;
			remoteInfo = BonjourWebDemo2;
		};
/* End PBXContainerItemProxy section */

/* Begin PBXFileReference section */
		54802F6A1F5A948E0024401B /* BonjourWebDemo2.app */ = {isa = PBXFileReference; explicitFileType = wrapper.application; includeInIndex = 0; path = BonjourWebDemo2.app; sourceTree = BUILT_PRODUCTS_DIR; };
		54802F6D1F5A948E0024401B /* AppDelegate.swift */ = {isa = PBXFileReference; lastKnownFileType = sourcecode.swift; path = AppDelegate.swift; sourceTree = "<group>"; };
		54802F6F1F5A948E0024401B /* ViewController.swift */ = {isa = PBXFileReference; lastKnownFileType = sourcecode.swift; path = ViewController.swift; sourceTree = "<group>"; };
		54802F721F5A948E0024401B /* Base */ = {isa = PBXFileReference; lastKnownFileType = file.storyboard; name = Base; path = Base.lproj/Main.storyboard; sourceTree = "<group>"; };
		54802F741F5A948E0024401B /* Assets.xcassets */ = {isa = PBXFileReference; lastKnownFileType = folder.assetcatalog; path = Assets.xcassets; sourceTree = "<group>"; };
		54802F771F5A948E0024401B /* Base */ = {isa = PBXFileReference; lastKnownFileType = file.storyboard; name = Base; path = Base.lproj/LaunchScreen.storyboard; sourceTree = "<group>"; };
		54802F791F5A948E0024401B /* Info.plist */ = {isa = PBXFileReference; lastKnownFileType = text.plist.xml; path = Info.plist; sourceTree = "<group>"; };
		54802F7E1F5A948E0024401B /* BonjourWebDemo2Tests.xctest */ = {isa = PBXFileReference; explicitFileType = wrapper.cfbundle; includeInIndex = 0; path = BonjourWebDemo2Tests.xctest; sourceTree = BUILT_PRODUCTS_DIR; };
		54802F821F5A948E0024401B /* BonjourWebDemo2Tests.swift */ = {isa = PBXFileReference; lastKnownFileType = sourcecode.swift; path = BonjourWebDemo2Tests.swift; sourceTree = "<group>"; };
		54802F841F5A948E0024401B /* Info.plist */ = {isa = PBXFileReference; lastKnownFileType = text.plist.xml; path = Info.plist; sourceTree = "<group>"; };
		54802F891F5A948E0024401B /* BonjourWebDemo2UITests.xctest */ = {isa = PBXFileReference; explicitFileType = wrapper.cfbundle; includeInIndex = 0; path = BonjourWebDemo2UITests.xctest; sourceTree = BUILT_PRODUCTS_DIR; };
		54802F8D1F5A948E0024401B /* BonjourWebDemo2UITests.swift */ = {isa = PBXFileReference; lastKnownFileType = sourcecode.swift; path = BonjourWebDemo2UITests.swift; sourceTree = "<group>"; };
		54802F8F1F5A948E0024401B /* Info.plist */ = {isa = PBXFileReference; lastKnownFileType = text.plist.xml; path = Info.plist; sourceTree = "<group>"; };
/* End PBXFileReference section */

/* Begin PBXFrameworksBuildPhase section */
		54802F671F5A948E0024401B /* Frameworks */ = {
			isa = PBXFrameworksBuildPhase;
			buildActionMask = 2147483647;
			files = (
			);
			runOnlyForDeploymentPostprocessing = 0;
		};
		54802F7B1F5A948E0024401B /* Frameworks */ = {
			isa = PBXFrameworksBuildPhase;
			buildActionMask = 2147483647;
			files = (
			);
			runOnlyForDeploymentPostprocessing = 0;
		};
		54802F861F5A948E0024401B /* Frameworks */ = {
			isa = PBXFrameworksBuildPhase;
			buildActionMask = 2147483647;
			files = (
			);
			runOnlyForDeploymentPostprocessing = 0;
		};
/* End PBXFrameworksBuildPhase section */

/* Begin PBXGroup section */
		54802F611F5A948E0024401B = {
			isa = PBXGroup;
			children = (
				54802F6C1F5A948E0024401B /* BonjourWebDemo2 */,
				54802F811F5A948E0024401B /* BonjourWebDemo2Tests */,
				54802F8C1F5A948E0024401B /* BonjourWebDemo2UITests */,
				54802F6B1F5A948E0024401B /* Products */,
			);
			sourceTree = "<group>";
		};
		54802F6B1F5A948E0024401B /* Products */ = {
			isa = PBXGroup;
			children = (
				54802F6A1F5A948E0024401B /* BonjourWebDemo2.app */,
				54802F7E1F5A948E0024401B /* BonjourWebDemo2Tests.xctest */,
				54802F891F5A948E0024401B /* BonjourWebDemo2UITests.xctest */,
			);
			name = Products;
			sourceTree = "<group>";
		};
		54802F6C1F5A948E0024401B /* BonjourWebDemo2 */ = {
			isa = PBXGroup;
			children = (
				54802F6D1F5A948E0024401B /* AppDelegate.swift */,
				54802F6F1F5A948E0024401B /* ViewController.swift */,
				54802F711F5A948E0024401B /* Main.storyboard */,
				54802F741F5A948E0024401B /* Assets.xcassets */,
				54802F761F5A948E0024401B /* LaunchScreen.storyboard */,
				54802F791F5A948E0024401B /* Info.plist */,
			);
			path = BonjourWebDemo2;
			sourceTree = "<group>";
		};
		54802F811F5A948E0024401B /* BonjourWebDemo2Tests */ = {
			isa = PBXGroup;
			children = (
				54802F821F5A948E0024401B /* BonjourWebDemo2Tests.swift */,
				54802F841F5A948E0024401B /* Info.plist */,
			);
			path = BonjourWebDemo2Tests;
			sourceTree = "<group>";
		};
		54802F8C1F5A948E0024401B /* BonjourWebDemo2UITests */ = {
			isa = PBXGroup;
			children = (
				54802F8D1F5A948E0024401B /* BonjourWebDemo2UITests.swift */,
				54802F8F1F5A948E0024401B /* Info.plist */,
			);
			path = BonjourWebDemo2UITests;
			sourceTree = "<group>";
		};
/* End PBXGroup section */

/* Begin PBXNativeTarget section */
		54802F691F5A948E0024401B /* BonjourWebDemo2 */ = {
			isa = PBXNativeTarget;
			buildConfigurationList = 54802F921F5A948E0024401B /* Build configuration list for PBXNativeTarget "BonjourWebDemo2" */;
			buildPhases = (
				54802F661F5A948E0024401B /* Sources */,
				54802F671F5A948E0024401B /* Frameworks */,
				54802F681F5A948E0024401B /* Resources */,
			);
			buildRules = (
			);
			dependencies = (
			);
			name = BonjourWebDemo2;
			productName = BonjourWebDemo2;
			productReference = 54802F6A1F5A948E0024401B /* BonjourWebDemo2.app */;
			productType = "com.apple.product-type.application";
		};
		54802F7D1F5A948E0024401B /* BonjourWebDemo2Tests */ = {
			isa = PBXNativeTarget;
			buildConfigurationList = 54802F951F5A948E0024401B /* Build configuration list for PBXNativeTarget "BonjourWebDemo2Tests" */;
			buildPhases = (
				54802F7A1F5A948E0024401B /* Sources */,
				54802F7B1F5A948E0024401B /* Frameworks */,
				54802F7C1F5A948E0024401B /* Resources */,
			);
			buildRules = (
			);
			dependencies = (
				54802F801F5A948E0024401B /* PBXTargetDependency */,
			);
			name = BonjourWebDemo2Tests;
			productName = BonjourWebDemo2Tests;
			productReference = 54802F7E1F5A948E0024401B /* BonjourWebDemo2Tests.xctest */;
			productType = "com.apple.product-type.bundle.unit-test";
		};
		54802F881F5A948E0024401B /* BonjourWebDemo2UITests */ = {
			isa = PBXNativeTarget;
			buildConfigurationList = 54802F981F5A948E0024401B /* Build configuration list for PBXNativeTarget "BonjourWebDemo2UITests" */;
			buildPhases = (
				54802F851F5A948E0024401B /* Sources */,
				54802F861F5A948E0024401B /* Frameworks */,
				54802F871F5A948E0024401B /* Resources */,
			);
			buildRules = (
			);
			dependencies = (
				54802F8B1F5A948E0024401B /* PBXTargetDependency */,
			);
			name = BonjourWebDemo2UITests;
			productName = BonjourWebDemo2UITests;
			productReference = 54802F891F5A948E0024401B /* BonjourWebDemo2UITests.xctest */;
			productType = "com.apple.product-type.bundle.ui-testing";
		};
/* End PBXNativeTarget section */

/* Begin PBXProject section */
		54802F621F5A948E0024401B /* Project object */ = {
			isa = PBXProject;
			attributes = {
				LastSwiftUpdateCheck = 0830;
				LastUpgradeCheck = 0830;
				ORGANIZATIONNAME = smartisan;
				TargetAttributes = {
					54802F691F5A948E0024401B = {
						CreatedOnToolsVersion = 8.3.3;
						DevelopmentTeam = DZQ5YNVEU2;
						ProvisioningStyle = Automatic;
					};
					54802F7D1F5A948E0024401B = {
						CreatedOnToolsVersion = 8.3.3;
						DevelopmentTeam = DZQ5YNVEU2;
						ProvisioningStyle = Automatic;
						TestTargetID = 54802F691F5A948E0024401B;
					};
					54802F881F5A948E0024401B = {
						CreatedOnToolsVersion = 8.3.3;
						DevelopmentTeam = DZQ5YNVEU2;
						ProvisioningStyle = Automatic;
						TestTargetID = 54802F691F5A948E0024401B;
					};
				};
			};
			buildConfigurationList = 54802F651F5A948E0024401B /* Build configuration list for PBXProject "BonjourWebDemo2" */;
			compatibilityVersion = "Xcode 3.2";
			developmentRegion = English;
			hasScannedForEncodings = 0;
			knownRegions = (
				en,
				Base,
			);
			mainGroup = 54802F611F5A948E0024401B;
			productRefGroup = 54802F6B1F5A948E0024401B /* Products */;
			projectDirPath = "";
			projectRoot = "";
			targets = (
				54802F691F5A948E0024401B /* BonjourWebDemo2 */,
				54802F7D1F5A948E0024401B /* BonjourWebDemo2Tests */,
				54802F881F5A948E0024401B /* BonjourWebDemo2UITests */,
			);
		};
/* End PBXProject section */

/* Begin PBXResourcesBuildPhase section */
		54802F681F5A948E0024401B /* Resources */ = {
			isa = PBXResourcesBuildPhase;
			buildActionMask = 2147483647;
			files = (
				54802F781F5A948E0024401B /* LaunchScreen.storyboard in Resources */,
				54802F751F5A948E0024401B /* Assets.xcassets in Resources */,
				54802F731F5A948E0024401B /* Main.storyboard in Resources */,
			);
			runOnlyForDeploymentPostprocessing = 0;
		};
		54802F7C1F5A948E0024401B /* Resources */ = {
			isa = PBXResourcesBuildPhase;
			buildActionMask = 2147483647;
			files = (
			);
			runOnlyForDeploymentPostprocessing = 0;
		};
		54802F871F5A948E0024401B /* Resources */ = {
			isa = PBXResourcesBuildPhase;
			buildActionMask = 2147483647;
			files = (
			);
			runOnlyForDeploymentPostprocessing = 0;
		};
/* End PBXResourcesBuildPhase section */

/* Begin PBXSourcesBuildPhase section */
		54802F661F5A948E0024401B /* Sources */ = {
			isa = PBXSourcesBuildPhase;
			buildActionMask = 2147483647;
			files = (
				54802F701F5A948E0024401B /* ViewController.swift in Sources */,
				54802F6E1F5A948E0024401B /* AppDelegate.swift in Sources */,
			);
			runOnlyForDeploymentPostprocessing = 0;
		};
		54802F7A1F5A948E0024401B /* Sources */ = {
			isa = PBXSourcesBuildPhase;
			buildActionMask = 2147483647;
			files = (
				54802F831F5A948E0024401B /* BonjourWebDemo2Tests.swift in Sources */,
			);
			runOnlyForDeploymentPostprocessing = 0;
		};
		54802F851F5A948E0024401B /* Sources */ = {
			isa = PBXSourcesBuildPhase;
			buildActionMask = 2147483647;
			files = (
				54802F8E1F5A948E0024401B /* BonjourWebDemo2UITests.swift in Sources */,
			);
			runOnlyForDeploymentPostprocessing = 0;
		};
/* End PBXSourcesBuildPhase section */

/* Begin PBXTargetDependency section */
		54802F801F5A948E0024401B /* PBXTargetDependency */ = {
			isa = PBXTargetDependency;
			target = 54802F691F5A948E0024401B /* BonjourWebDemo2 */;
			targetProxy = 54802F7F1F5A948E0024401B /* PBXContainerItemProxy */;
		};
		54802F8B1F5A948E0024401B /* PBXTargetDependency */ = {
			isa = PBXTargetDependency;
			target = 54802F691F5A948E0024401B /* BonjourWebDemo2 */;
			targetProxy = 54802F8A1F5A948E0024401B /* PBXContainerItemProxy */;
		};
/* End PBXTargetDependency section */

/* Begin PBXVariantGroup section */
		54802F711F5A948E0024401B /* Main.storyboard */ = {
			isa = PBXVariantGroup;
			children = (
				54802F721F5A948E0024401B /* Base */,
			);
			name = Main.storyboard;
			sourceTree = "<group>";
		};
		54802F761F5A948E0024401B /* LaunchScreen.storyboard */ = {
			isa = PBXVariantGroup;
			children = (
				54802F771F5A948E0024401B /* Base */,
			);
			name = LaunchScreen.storyboard;
			sourceTree = "<group>";
		};
/* End PBXVariantGroup section */

/* Begin XCBuildConfiguration section */
		54802F901F5A948E0024401B /* Debug */ = {
			isa = XCBuildConfiguration;
			buildSettings = {
				ALWAYS_SEARCH_USER_PATHS = NO;
				CLANG_ANALYZER_NONNULL = YES;
				CLANG_ANALYZER_NUMBER_OBJECT_CONVERSION = YES_AGGRESSIVE;
				CLANG_CXX_LANGUAGE_STANDARD = "gnu++0x";
				CLANG_CXX_LIBRARY = "libc++";
				CLANG_ENABLE_MODULES = YES;
				CLANG_ENABLE_OBJC_ARC = YES;
				CLANG_WARN_BOOL_CONVERSION = YES;
				CLANG_WARN_CONSTANT_CONVERSION = YES;
				CLANG_WARN_DIRECT_OBJC_ISA_USAGE = YES_ERROR;
				CLANG_WARN_DOCUMENTATION_COMMENTS = YES;
				CLANG_WARN_EMPTY_BODY = YES;
				CLANG_WARN_ENUM_CONVERSION = YES;
				CLANG_WARN_INFINITE_RECURSION = YES;
				CLANG_WARN_INT_CONVERSION = YES;
				CLANG_WARN_OBJC_ROOT_CLASS = YES_ERROR;
				CLANG_WARN_SUSPICIOUS_MOVE = YES;
				CLANG_WARN_UNREACHABLE_CODE = YES;
				CLANG_WARN__DUPLICATE_METHOD_MATCH = YES;
				"CODE_SIGN_IDENTITY[sdk=iphoneos*]" = "iPhone Developer";
				COPY_PHASE_STRIP = NO;
				DEBUG_INFORMATION_FORMAT = dwarf;
				ENABLE_STRICT_OBJC_MSGSEND = YES;
				ENABLE_TESTABILITY = YES;
				GCC_C_LANGUAGE_STANDARD = gnu99;
				GCC_DYNAMIC_NO_PIC = NO;
				GCC_NO_COMMON_BLOCKS = YES;
				GCC_OPTIMIZATION_LEVEL = 0;
				GCC_PREPROCESSOR_DEFINITIONS = (
					"DEBUG=1",
					"$(inherited)",
				);
				GCC_WARN_64_TO_32_BIT_CONVERSION = YES;
				GCC_WARN_ABOUT_RETURN_TYPE = YES_ERROR;
				GCC_WARN_UNDECLARED_SELECTOR = YES;
				GCC_WARN_UNINITIALIZED_AUTOS = YES_AGGRESSIVE;
				GCC_WARN_UNUSED_FUNCTION = YES;
				GCC_WARN_UNUSED_VARIABLE = YES;
				IPHONEOS_DEPLOYMENT_TARGET = 10.3;
				MTL_ENABLE_DEBUG_INFO = YES;
				ONLY_ACTIVE_ARCH = YES;
				SDKROOT = iphoneos;
				SWIFT_ACTIVE_COMPILATION_CONDITIONS = DEBUG;
				SWIFT_OPTIMIZATION_LEVEL = "-Onone";
			};
			name = Debug;
		};
		54802F911F5A948E0024401B /* Release */ = {
			isa = XCBuildConfiguration;
			buildSettings = {
				ALWAYS_SEARCH_USER_PATHS = NO;
				CLANG_ANALYZER_NONNULL = YES;
				CLANG_ANALYZER_NUMBER_OBJECT_CONVERSION = YES_AGGRESSIVE;
				CLANG_CXX_LANGUAGE_STANDARD = "gnu++0x";
				CLANG_CXX_LIBRARY = "libc++";
				CLANG_ENABLE_MODULES = YES;
				CLANG_ENABLE_OBJC_ARC = YES;
				CLANG_WARN_BOOL_CONVERSION = YES;
				CLANG_WARN_CONSTANT_CONVERSION = YES;
				CLANG_WARN_DIRECT_OBJC_ISA_USAGE = YES_ERROR;
				CLANG_WARN_DOCUMENTATION_COMMENTS = YES;
				CLANG_WARN_EMPTY_BODY = YES;
				CLANG_WARN_ENUM_CONVERSION = YES;
				CLANG_WARN_INFINITE_RECURSION = YES;
				CLANG_WARN_INT_CONVERSION = YES;
				CLANG_WARN_OBJC_ROOT_CLASS = YES_ERROR;
				CLANG_WARN_SUSPICIOUS_MOVE = YES;
				CLANG_WARN_UNREACHABLE_CODE = YES;
				CLANG_WARN__DUPLICATE_METHOD_MATCH = YES;
				"CODE_SIGN_IDENTITY[sdk=iphoneos*]" = "iPhone Developer";
				COPY_PHASE_STRIP = NO;
				DEBUG_INFORMATION_FORMAT = "dwarf-with-dsym";
				ENABLE_NS_ASSERTIONS = NO;
				ENABLE_STRICT_OBJC_MSGSEND = YES;
				GCC_C_LANGUAGE_STANDARD = gnu99;
				GCC_NO_COMMON_BLOCKS = YES;
				GCC_WARN_64_TO_32_BIT_CONVERSION = YES;
				GCC_WARN_ABOUT_RETURN_TYPE = YES_ERROR;
				GCC_WARN_UNDECLARED_SELECTOR = YES;
				GCC_WARN_UNINITIALIZED_AUTOS = YES_AGGRESSIVE;
				GCC_WARN_UNUSED_FUNCTION = YES;
				GCC_WARN_UNUSED_VARIABLE = YES;
				IPHONEOS_DEPLOYMENT_TARGET = 10.3;
				MTL_ENABLE_DEBUG_INFO = NO;
				SDKROOT = iphoneos;
				SWIFT_OPTIMIZATION_LEVEL = "-Owholemodule";
				VALIDATE_PRODUCT = YES;
			};
			name = Release;
		};
		54802F931F5A948E0024401B /* Debug */ = {
			isa = XCBuildConfiguration;
			buildSettings = {
				ASSETCATALOG_COMPILER_APPICON_NAME = AppIcon;
				DEVELOPMENT_TEAM = DZQ5YNVEU2;
				INFOPLIST_FILE = BonjourWebDemo2/Info.plist;
				LD_RUNPATH_SEARCH_PATHS = "$(inherited) @executable_path/Frameworks";
				PRODUCT_BUNDLE_IDENTIFIER = com.smartisan.BonjourWebDemo2;
				PRODUCT_NAME = "$(TARGET_NAME)";
				SWIFT_VERSION = 3.0;
			};
			name = Debug;
		};
		54802F941F5A948E0024401B /* Release */ = {
			isa = XCBuildConfiguration;
			buildSettings = {
				ASSETCATALOG_COMPILER_APPICON_NAME = AppIcon;
				DEVELOPMENT_TEAM = DZQ5YNVEU2;
				INFOPLIST_FILE = BonjourWebDemo2/Info.plist;
				LD_RUNPATH_SEARCH_PATHS = "$(inherited) @executable_path/Frameworks";
				PRODUCT_BUNDLE_IDENTIFIER = com.smartisan.BonjourWebDemo2;
				PRODUCT_NAME = "$(TARGET_NAME)";
				SWIFT_VERSION = 3.0;
			};
			name = Release;
		};
		54802F961F5A948E0024401B /* Debug */ = {
			isa = XCBuildConfiguration;
			buildSettings = {
				ALWAYS_EMBED_SWIFT_STANDARD_LIBRARIES = YES;
				BUNDLE_LOADER = "$(TEST_HOST)";
				DEVELOPMENT_TEAM = DZQ5YNVEU2;
				INFOPLIST_FILE = BonjourWebDemo2Tests/Info.plist;
				LD_RUNPATH_SEARCH_PATHS = "$(inherited) @executable_path/Frameworks @loader_path/Frameworks";
				PRODUCT_BUNDLE_IDENTIFIER = com.smartisan.BonjourWebDemo2Tests;
				PRODUCT_NAME = "$(TARGET_NAME)";
				SWIFT_VERSION = 3.0;
				TEST_HOST = "$(BUILT_PRODUCTS_DIR)/BonjourWebDemo2.app/BonjourWebDemo2";
			};
			name = Debug;
		};
		54802F971F5A948E0024401B /* Release */ = {
			isa = XCBuildConfiguration;
			buildSettings = {
				ALWAYS_EMBED_SWIFT_STANDARD_LIBRARIES = YES;
				BUNDLE_LOADER = "$(TEST_HOST)";
				DEVELOPMENT_TEAM = DZQ5YNVEU2;
				INFOPLIST_FILE = BonjourWebDemo2Tests/Info.plist;
				LD_RUNPATH_SEARCH_PATHS = "$(inherited) @executable_path/Frameworks @loader_path/Frameworks";
				PRODUCT_BUNDLE_IDENTIFIER = com.smartisan.BonjourWebDemo2Tests;
				PRODUCT_NAME = "$(TARGET_NAME)";
				SWIFT_VERSION = 3.0;
				TEST_HOST = "$(BUILT_PRODUCTS_DIR)/BonjourWebDemo2.app/BonjourWebDemo2";
			};
			name = Release;
		};
		54802F991F5A948E0024401B /* Debug */ = {
			isa = XCBuildConfiguration;
			buildSettings = {
				ALWAYS_EMBED_SWIFT_STANDARD_LIBRARIES = YES;
				DEVELOPMENT_TEAM = DZQ5YNVEU2;
				INFOPLIST_FILE = BonjourWebDemo2UITests/Info.plist;
				LD_RUNPATH_SEARCH_PATHS = "$(inherited) @executable_path/Frameworks @loader_path/Frameworks";
				PRODUCT_BUNDLE_IDENTIFIER = com.smartisan.BonjourWebDemo2UITests;
				PRODUCT_NAME = "$(TARGET_NAME)";
				SWIFT_VERSION = 3.0;
				TEST_TARGET_NAME = BonjourWebDemo2;
			};
			name = Debug;
		};
		54802F9A1F5A948E0024401B /* Release */ = {
			isa = XCBuildConfiguration;
			buildSettings = {
				ALWAYS_EMBED_SWIFT_STANDARD_LIBRARIES = YES;
				DEVELOPMENT_TEAM = DZQ5YNVEU2;
				INFOPLIST_FILE = BonjourWebDemo2UITests/Info.plist;
				LD_RUNPATH_SEARCH_PATHS = "$(inherited) @executable_path/Frameworks @loader_path/Frameworks";
				PRODUCT_BUNDLE_IDENTIFIER = com.smartisan.BonjourWebDemo2UITests;
				PRODUCT_NAME = "$(TARGET_NAME)";
				SWIFT_VERSION = 3.0;
				TEST_TARGET_NAME = BonjourWebDemo2;
			};
			name = Release;
		};
/* End XCBuildConfiguration section */

/* Begin XCConfigurationList section */
		54802F651F5A948E0024401B /* Build configuration list for PBXProject "BonjourWebDemo2" */ = {
			isa = XCConfigurationList;
			buildConfigurations = (
				54802F901F5A948E0024401B /* Debug */,
				54802F911F5A948E0024401B /* Release */,
			);
			defaultConfigurationIsVisible = 0;
			defaultConfigurationName = Release;
		};
		54802F921F5A948E0024401B /* Build configuration list for PBXNativeTarget "BonjourWebDemo2" */ = {
			isa = XCConfigurationList;
			buildConfigurations = (
				54802F931F5A948E0024401B /* Debug */,
				54802F941F5A948E0024401B /* Release */,
			);
			defaultConfigurationIsVisible = 0;
		};
		54802F951F5A948E0024401B /* Build configuration list for PBXNativeTarget "BonjourWebDemo2Tests" */ = {
			isa = XCConfigurationList;
			buildConfigurations = (
				54802F961F5A948E0024401B /* Debug */,
				54802F971F5A948E0024401B /* Release */,
			);
			defaultConfigurationIsVisible = 0;
		};
		54802F981F5A948E0024401B /* Build configuration list for PBXNativeTarget "BonjourWebDemo2UITests" */ = {
			isa = XCConfigurationList;
			buildConfigurations = (
				54802F991F5A948E0024401B /* Debug */,
				54802F9A1F5A948E0024401B /* Release */,
			);
			defaultConfigurationIsVisible = 0;
		};
/* End XCConfigurationList section */
	};
	rootObject = 54802F621F5A948E0024401B /* Project object */;
}
